
Microsoft Visual Studio Solution File, Format Version 12.00
# Visual Studio Version 17
VisualStudioVersion = 17.1.32328.378
MinimumVisualStudioVersion = 10.0.40219.1
Project("{FAE04EC0-301F-11D3-BF4B-00C04F79EFBC}") = "WebApplication1", "WebApplication1\WebApplication1.csproj", "{39DA759E-6955-494F-8FE4-581D77DB42AB}"
EndProject
Project("{FAE04EC0-301F-11D3-BF4B-00C04F79EFBC}") = "TestProject1", "TestProject1\TestProject1.csproj", "{94E49112-2C40-4C20-ABEF-CF369CEA9BE1}"
EndProject
Global
	GlobalSection(SolutionConfigurationPlatforms) = preSolution
		Debug|Any CPU = Debug|Any CPU
		Release|Any CPU = Release|Any CPU
	EndGlobalSection
	GlobalSection(ProjectConfigurationPlatforms) = postSolution
		{39DA759E-6955-494F-8FE4-581D77DB42AB}.Debug|Any CPU.ActiveCfg = Debug|Any CPU
		{39DA759E-6955-494F-8FE4-581D77DB42AB}.Debug|Any CPU.Build.0 = Debug|Any CPU
		{39DA759E-6955-494F-8FE4-581D77DB42AB}.Release|Any CPU.ActiveCfg = Release|Any CPU
		{39DA759E-6955-494F-8FE4-581D77DB42AB}.Release|Any CPU.Build.0 = Release|Any CPU
		{94E49112-2C40-4C20-ABEF-CF369CEA9BE1}.Debug|Any CPU.ActiveCfg = Debug|Any CPU
		{94E49112-2C40-4C20-ABEF-CF369CEA9BE1}.Debug|Any CPU.Build.0 = Debug|Any CPU
		{94E49112-2C40-4C20-ABEF-CF369CEA9BE1}.Release|Any CPU.ActiveCfg = Release|Any CPU
		{94E49112-2C40-4C20-ABEF-CF369CEA9BE1}.Release|Any CPU.Build.0 = Release|Any CPU
	EndGlobalSection
	GlobalSection(SolutionProperties) = preSolution
		HideSolutionNode = FALSE
	EndGlobalSection
	GlobalSection(ExtensibilityGlobals) = postSolution
		SolutionGuid = {FD4AC05B-1970-40AF-B940-5A805EFD939A}
	EndGlobalSection
EndGlobal
